
Microsoft Visual Studio Solution File, Format Version 12.00
# Visual Studio Version 17
VisualStudioVersion = 17.4.33213.308
MinimumVisualStudioVersion = 10.0.40219.1
Project("{FAE04EC0-301F-11D3-BF4B-00C04F79EFBC}") = "wardrobeapp", "wardrobeapp\wardrobeapp.csproj", "{137C9FFA-633C-426A-8133-ADE03FC6FA62}"
EndProject
Global
	GlobalSection(SolutionConfigurationPlatforms) = preSolution
		Debug|Any CPU = Debug|Any CPU
		Release|Any CPU = Release|Any CPU
	EndGlobalSection
	GlobalSection(ProjectConfigurationPlatforms) = postSolution
		{137C9FFA-633C-426A-8133-ADE03FC6FA62}.Debug|Any CPU.ActiveCfg = Debug|Any CPU
		{137C9FFA-633C-426A-8133-ADE03FC6FA62}.Debug|Any CPU.Build.0 = Debug|Any CPU
		{137C9FFA-633C-426A-8133-ADE03FC6FA62}.Release|Any CPU.ActiveCfg = Release|Any CPU
		{137C9FFA-633C-426A-8133-ADE03FC6FA62}.Release|Any CPU.Build.0 = Release|Any CPU
	EndGlobalSection
	GlobalSection(SolutionProperties) = preSolution
		HideSolutionNode = FALSE
	EndGlobalSection
	GlobalSection(ExtensibilityGlobals) = postSolution
		SolutionGuid = {7871FA32-E0F9-4FC6-B788-E6A57DE5015E}
	EndGlobalSection
EndGlobal
